<?xml version="1.0" encoding="utf-8"?>
<Project ToolsVersion="4.0" xmlns="http://schemas.microsoft.com/developer/msbuild/2003">
  <ItemGroup>
    <Filter Include="Source Files">
      <UniqueIdentifier>{4FC737F1-C7A5-4376-A066-2A32D752A2FF}</UniqueIdentifier>
      <Extensions>cpp;c;cc;cxx;def;odl;idl;hpj;bat;asm;asmx</Extensions>
    </Filter>
    <Filter Include="Source Files\MainChar">
      <UniqueIdentifier>{117ca92a-05b1-46ca-867a-24b08063fd47}</UniqueIdentifier>
    </Filter>
    <Filter Include="Source Files\ParalaxLayers">
      <UniqueIdentifier>{41f7da9a-073e-4681-9c59-fd40e45987fb}</UniqueIdentifier>
    </Filter>
    <Filter Include="Source Files\Enemies">
      <UniqueIdentifier>{63a1d80e-53a5-4f57-91e1-d0148d1fd2d5}</UniqueIdentifier>
    </Filter>
    <Filter Include="Source Files\Objects">
      <UniqueIdentifier>{df3bd747-d0ec-4e97-b369-3dddc470d89b}</UniqueIdentifier>
    </Filter>
    <Filter Include="Source Files\Game">
      <UniqueIdentifier>{709e0ff7-13b1-4abb-9958-f85e61e2a38a}</UniqueIdentifier>
    </Filter>
    <Filter Include="Source Files\Main">
      <UniqueIdentifier>{7f614f27-b343-4d7c-a0b1-8e6a9e662b94}</UniqueIdentifier>
    </Filter>
    <Filter Include="Source Files\Timers">
      <UniqueIdentifier>{eaf3d219-b18e-440e-bb68-65232e5b8e7c}</UniqueIdentifier>
    </Filter>
    <Filter Include="Source Files\Animal">
      <UniqueIdentifier>{709d2998-e83b-4e60-939d-f58448f0a079}</UniqueIdentifier>
    </Filter>
    <Filter Include="Source Files\Intro&amp;Menu">
      <UniqueIdentifier>{b69f4b29-bf3d-4493-ac5d-7669a3d6b937}</UniqueIdentifier>
    </Filter>
    <Filter Include="Source Files\MainScreen">
      <UniqueIdentifier>{01b6278b-15ab-4574-995a-65aca6d351df}</UniqueIdentifier>
    </Filter>
    <Filter Include="Source Files\Collisions">
      <UniqueIdentifier>{c0721e38-18ec-4560-bb86-b69a1c0abdf2}</UniqueIdentifier>
    </Filter>
    <Filter Include="Source Files\Outro">
      <UniqueIdentifier>{2c0cc326-ca16-4b75-955a-fb5b61414dbb}</UniqueIdentifier>
    </Filter>
    <Filter Include="Source Files\GettingInput">
      <UniqueIdentifier>{5cfb3e52-d9ab-4a20-8cc8-f1245e25489e}</UniqueIdentifier>
    </Filter>
    <Filter Include="Source Files\HighScore">
      <UniqueIdentifier>{c6b18b36-da52-4653-ad7b-f790ba82dbae}</UniqueIdentifier>
    </Filter>
    <Filter Include="Source Files\Sound">
      <UniqueIdentifier>{d44b5686-df83-4470-8525-59ea1871b9d7}</UniqueIdentifier>
    </Filter>
    <Filter Include="Source Files\Documents">
      <UniqueIdentifier>{e69235fd-e37b-4048-9f7a-7d6fe653aef5}</UniqueIdentifier>
    </Filter>
  </ItemGroup>
  <ItemGroup>
    <ClCompile Include="characters.cpp">
      <Filter>Source Files\MainChar</Filter>
    </ClCompile>
    <ClCompile Include="Paralaxlayers.cpp">
      <Filter>Source Files\ParalaxLayers</Filter>
    </ClCompile>
    <ClCompile Include="Enemies.cpp">
      <Filter>Source Files\Enemies</Filter>
    </ClCompile>
    <ClCompile Include="Objects.cpp">
      <Filter>Source Files\Objects</Filter>
    </ClCompile>
    <ClCompile Include="Game.cpp">
      <Filter>Source Files\Game</Filter>
    </ClCompile>
    <ClCompile Include="Main.cpp">
      <Filter>Source Files\Main</Filter>
    </ClCompile>
    <ClCompile Include="Timers.cpp">
      <Filter>Source Files\Timers</Filter>
    </ClCompile>
    <ClCompile Include="Animals.cpp">
      <Filter>Source Files\Animal</Filter>
    </ClCompile>
    <ClCompile Include="Intro.cpp">
      <Filter>Source Files\Intro&amp;Menu</Filter>
    </ClCompile>
    <ClCompile Include="Start.cpp">
      <Filter>Source Files\MainScreen</Filter>
    </ClCompile>
    <ClCompile Include="Collision.cpp">
      <Filter>Source Files\Collisions</Filter>
    </ClCompile>
    <ClCompile Include="OutroFinish.cpp">
      <Filter>Source Files\Outro</Filter>
    </ClCompile>
    <ClCompile Include="GetInput.cpp">
      <Filter>Source Files\GettingInput</Filter>
    </ClCompile>
    <ClCompile Include="HighScore.cpp">
      <Filter>Source Files\HighScore</Filter>
    </ClCompile>
    <ClCompile Include="SoundAndMusic.cpp">
      <Filter>Source Files\Sound</Filter>
    </ClCompile>
  </ItemGroup>
  <ItemGroup>
    <ClInclude Include="characters.h">
      <Filter>Source Files\MainChar</Filter>
    </ClInclude>
    <ClInclude Include="Paralaxlayers.h">
      <Filter>Source Files\ParalaxLayers</Filter>
    </ClInclude>
    <ClInclude Include="Enemies.h">
      <Filter>Source Files\Enemies</Filter>
    </ClInclude>
    <ClInclude Include="Objects.h">
      <Filter>Source Files\Objects</Filter>
    </ClInclude>
    <ClInclude Include="Game.h">
      <Filter>Source Files\Game</Filter>
    </ClInclude>
    <ClInclude Include="Timers.h">
      <Filter>Source Files\Timers</Filter>
    </ClInclude>
    <ClInclude Include="Animals.h">
      <Filter>Source Files\Animal</Filter>
    </ClInclude>
    <ClInclude Include="Intro.h">
      <Filter>Source Files\Intro&amp;Menu</Filter>
    </ClInclude>
    <ClInclude Include="Start.h">
      <Filter>Source Files\MainScreen</Filter>
    </ClInclude>
    <ClInclude Include="Collision.h">
      <Filter>Source Files\Collisions</Filter>
    </ClInclude>
    <ClInclude Include="OutroFinish.h">
      <Filter>Source Files\Outro</Filter>
    </ClInclude>
    <ClInclude Include="GetInput.h">
      <Filter>Source Files\GettingInput</Filter>
    </ClInclude>
    <ClInclude Include="HighScore.h">
      <Filter>Source Files\HighScore</Filter>
    </ClInclude>
    <ClInclude Include="SoundAndMusic.h">
      <Filter>Source Files\Sound</Filter>
    </ClInclude>
  </ItemGroup>
  <ItemGroup>
    <Text Include="DesignDOC.txt">
      <Filter>Source Files\Documents</Filter>
    </Text>
  </ItemGroup>
</Project>